{
  "requires": true,
  "lockfileVersion": 1,
  "dependencies": {
    "lodash.isequal": {
      "version": "4.5.0",
      "resolved": "https://registry.npmjs.org/lodash.isequal/-/lodash.isequal-4.5.0.tgz",
      "integrity": "sha1-QVxEePK8wwEgwizhDtMib30+GOA="
    },
    "ngx-select-ex": {
      "version": "5.0.2",
      "resolved": "https://registry.npmjs.org/ngx-select-ex/-/ngx-select-ex-5.0.2.tgz",
      "integrity": "sha512-UJQGho3NeBs0H9wdg81infCcwXL8G38+NOj3yEwH8VNpawpKtQArFj8rXpTLtpLgd5qK1pQAqvWDFzkKNN7zgA==",
      "requires": {
        "lodash.isequal": "^4.5.0",
        "tslib": "^2.0.0"
      }
    },
    "tslib": {
      "version": "2.0.3",
      "resolved": "https://registry.npmjs.org/tslib/-/tslib-2.0.3.tgz",
      "integrity": "sha512-uZtkfKblCEQtZKBF6EBXVZeQNl82yqtDQdv+eck8u7tdPxjLu2/lp5/uPW+um2tpuxINHWy3GhiccY7QgEaVHQ=="
    }
  }
}
